
Microsoft Visual Studio Solution File, Format Version 12.00
# Visual Studio Version 16
VisualStudioVersion = 16.0.32413.511
MinimumVisualStudioVersion = 10.0.40219.1
Project("{FAE04EC0-301F-11D3-BF4B-00C04F79EFBC}") = "NFB-GUI", "NFB-GUI\NFB-GUI.csproj", "{2C2DDAB5-F850-47E3-A8A9-CC3040670FA8}"
EndProject
Global
	GlobalSection(SolutionConfigurationPlatforms) = preSolution
		Debug|Any CPU = Debug|Any CPU
		Release|Any CPU = Release|Any CPU
	EndGlobalSection
	GlobalSection(ProjectConfigurationPlatforms) = postSolution
		{2C2DDAB5-F850-47E3-A8A9-CC3040670FA8}.Debug|Any CPU.ActiveCfg = Debug|Any CPU
		{2C2DDAB5-F850-47E3-A8A9-CC3040670FA8}.Debug|Any CPU.Build.0 = Debug|Any CPU
		{2C2DDAB5-F850-47E3-A8A9-CC3040670FA8}.Release|Any CPU.ActiveCfg = Release|Any CPU
		{2C2DDAB5-F850-47E3-A8A9-CC3040670FA8}.Release|Any CPU.Build.0 = Release|Any CPU
	EndGlobalSection
	GlobalSection(SolutionProperties) = preSolution
		HideSolutionNode = FALSE
	EndGlobalSection
	GlobalSection(ExtensibilityGlobals) = postSolution
		SolutionGuid = {80946C25-37A7-4948-A645-FD764543EDD2}
	EndGlobalSection
EndGlobal
